
Microsoft Visual Studio Solution File, Format Version 12.00
# Visual Studio 14
VisualStudioVersion = 14.0.25420.1
MinimumVisualStudioVersion = 10.0.40219.1
Project("{FAE04EC0-301F-11D3-BF4B-00C04F79EFBC}") = "Vnap", "Vnap\Vnap\Vnap.csproj", "{0FC60E78-A140-4666-A8B0-ACF165C5815E}"
EndProject
Project("{FAE04EC0-301F-11D3-BF4B-00C04F79EFBC}") = "Vnap.Droid", "Vnap\Vnap.Droid\Vnap.Droid.csproj", "{C618B80E-E0A1-49AE-9F18-3BA51D6E891D}"
EndProject
Project("{FAE04EC0-301F-11D3-BF4B-00C04F79EFBC}") = "Vnap.iOS", "Vnap\Vnap.iOS\Vnap.iOS.csproj", "{31FE66CB-E22F-409C-90F3-65888E36A93E}"
EndProject
Project("{FAE04EC0-301F-11D3-BF4B-00C04F79EFBC}") = "Vnap.Repository", "Vnap.Repository\Vnap.Repository.csproj", "{67F9D3A8-F71E-4428-913F-C37AE82CDB24}"
EndProject
Project("{FAE04EC0-301F-11D3-BF4B-00C04F79EFBC}") = "Vnap.Service", "Vnap.Service\Vnap.Service.csproj", "{7D7E8E3A-B304-4817-ADC9-DB1BEFB4BC29}"
EndProject
Project("{FAE04EC0-301F-11D3-BF4B-00C04F79EFBC}") = "Vnap.Entity", "Vnap.Entity\Vnap.Entity.csproj", "{29A51B00-DA43-49EE-B70C-C1072F88BC07}"
EndProject
Project("{2150E333-8FDC-42A3-9474-1A3956D46DE8}") = "Web", "Web", "{E3380C31-9CC9-4825-A529-75793FB4D5E2}"
EndProject
Project("{8BB2217D-0F2D-49D1-97BC-3654ED321F3B}") = "Vnap.Web", "Vnap.Web\Vnap.Web.xproj", "{55848284-8D40-46F9-A74E-2E4B170BF1F6}"
EndProject
Project("{8BB2217D-0F2D-49D1-97BC-3654ED321F3B}") = "Vnap.Core.DataAccess", "Vnap.Core.DataAccess\Vnap.Core.DataAccess.xproj", "{1E449ED0-8FDD-4491-9B9C-4D12DDF0B0D9}"
EndProject
Project("{8BB2217D-0F2D-49D1-97BC-3654ED321F3B}") = "Vnap.Module.Plant", "Vnap.Module.Plant\Vnap.Module.Plant.xproj", "{30B797B5-29E7-4415-98C6-433655615758}"
EndProject
Global
	GlobalSection(SolutionConfigurationPlatforms) = preSolution
		Ad-Hoc|Any CPU = Ad-Hoc|Any CPU
		Ad-Hoc|ARM = Ad-Hoc|ARM
		Ad-Hoc|iPhone = Ad-Hoc|iPhone
		Ad-Hoc|iPhoneSimulator = Ad-Hoc|iPhoneSimulator
		Ad-Hoc|x64 = Ad-Hoc|x64
		Ad-Hoc|x86 = Ad-Hoc|x86
		AppStore|Any CPU = AppStore|Any CPU
		AppStore|ARM = AppStore|ARM
		AppStore|iPhone = AppStore|iPhone
		AppStore|iPhoneSimulator = AppStore|iPhoneSimulator
		AppStore|x64 = AppStore|x64
		AppStore|x86 = AppStore|x86
		Debug|Any CPU = Debug|Any CPU
		Debug|ARM = Debug|ARM
		Debug|iPhone = Debug|iPhone
		Debug|iPhoneSimulator = Debug|iPhoneSimulator
		Debug|x64 = Debug|x64
		Debug|x86 = Debug|x86
		Release|Any CPU = Release|Any CPU
		Release|ARM = Release|ARM
		Release|iPhone = Release|iPhone
		Release|iPhoneSimulator = Release|iPhoneSimulator
		Release|x64 = Release|x64
		Release|x86 = Release|x86
	EndGlobalSection
	GlobalSection(ProjectConfigurationPlatforms) = postSolution
		{0FC60E78-A140-4666-A8B0-ACF165C5815E}.Ad-Hoc|Any CPU.ActiveCfg = Release|Any CPU
		{0FC60E78-A140-4666-A8B0-ACF165C5815E}.Ad-Hoc|Any CPU.Build.0 = Release|Any CPU
		{0FC60E78-A140-4666-A8B0-ACF165C5815E}.Ad-Hoc|ARM.ActiveCfg = Release|Any CPU
		{0FC60E78-A140-4666-A8B0-ACF165C5815E}.Ad-Hoc|ARM.Build.0 = Release|Any CPU
		{0FC60E78-A140-4666-A8B0-ACF165C5815E}.Ad-Hoc|iPhone.ActiveCfg = Release|Any CPU
		{0FC60E78-A140-4666-A8B0-ACF165C5815E}.Ad-Hoc|iPhone.Build.0 = Release|Any CPU
		{0FC60E78-A140-4666-A8B0-ACF165C5815E}.Ad-Hoc|iPhoneSimulator.ActiveCfg = Release|Any CPU
		{0FC60E78-A140-4666-A8B0-ACF165C5815E}.Ad-Hoc|iPhoneSimulator.Build.0 = Release|Any CPU
		{0FC60E78-A140-4666-A8B0-ACF165C5815E}.Ad-Hoc|x64.ActiveCfg = Release|Any CPU
		{0FC60E78-A140-4666-A8B0-ACF165C5815E}.Ad-Hoc|x64.Build.0 = Release|Any CPU
		{0FC60E78-A140-4666-A8B0-ACF165C5815E}.Ad-Hoc|x86.ActiveCfg = Release|Any CPU
		{0FC60E78-A140-4666-A8B0-ACF165C5815E}.Ad-Hoc|x86.Build.0 = Release|Any CPU
		{0FC60E78-A140-4666-A8B0-ACF165C5815E}.AppStore|Any CPU.ActiveCfg = Release|Any CPU
		{0FC60E78-A140-4666-A8B0-ACF165C5815E}.AppStore|Any CPU.Build.0 = Release|Any CPU
		{0FC60E78-A140-4666-A8B0-ACF165C5815E}.AppStore|ARM.ActiveCfg = Release|Any CPU
		{0FC60E78-A140-4666-A8B0-ACF165C5815E}.AppStore|ARM.Build.0 = Release|Any CPU
		{0FC60E78-A140-4666-A8B0-ACF165C5815E}.AppStore|iPhone.ActiveCfg = Release|Any CPU
		{0FC60E78-A140-4666-A8B0-ACF165C5815E}.AppStore|iPhone.Build.0 = Release|Any CPU
		{0FC60E78-A140-4666-A8B0-ACF165C5815E}.AppStore|iPhoneSimulator.ActiveCfg = Release|Any CPU
		{0FC60E78-A140-4666-A8B0-ACF165C5815E}.AppStore|iPhoneSimulator.Build.0 = Release|Any CPU
		{0FC60E78-A140-4666-A8B0-ACF165C5815E}.AppStore|x64.ActiveCfg = Release|Any CPU
		{0FC60E78-A140-4666-A8B0-ACF165C5815E}.AppStore|x64.Build.0 = Release|Any CPU
		{0FC60E78-A140-4666-A8B0-ACF165C5815E}.AppStore|x86.ActiveCfg = Release|Any CPU
		{0FC60E78-A140-4666-A8B0-ACF165C5815E}.AppStore|x86.Build.0 = Release|Any CPU
		{0FC60E78-A140-4666-A8B0-ACF165C5815E}.Debug|Any CPU.ActiveCfg = Debug|Any CPU
		{0FC60E78-A140-4666-A8B0-ACF165C5815E}.Debug|Any CPU.Build.0 = Debug|Any CPU
		{0FC60E78-A140-4666-A8B0-ACF165C5815E}.Debug|ARM.ActiveCfg = Debug|Any CPU
		{0FC60E78-A140-4666-A8B0-ACF165C5815E}.Debug|ARM.Build.0 = Debug|Any CPU
		{0FC60E78-A140-4666-A8B0-ACF165C5815E}.Debug|iPhone.ActiveCfg = Debug|Any CPU
		{0FC60E78-A140-4666-A8B0-ACF165C5815E}.Debug|iPhone.Build.0 = Debug|Any CPU
		{0FC60E78-A140-4666-A8B0-ACF165C5815E}.Debug|iPhoneSimulator.ActiveCfg = Debug|Any CPU
		{0FC60E78-A140-4666-A8B0-ACF165C5815E}.Debug|iPhoneSimulator.Build.0 = Debug|Any CPU
		{0FC60E78-A140-4666-A8B0-ACF165C5815E}.Debug|x64.ActiveCfg = Debug|Any CPU
		{0FC60E78-A140-4666-A8B0-ACF165C5815E}.Debug|x64.Build.0 = Debug|Any CPU
		{0FC60E78-A140-4666-A8B0-ACF165C5815E}.Debug|x86.ActiveCfg = Debug|Any CPU
		{0FC60E78-A140-4666-A8B0-ACF165C5815E}.Debug|x86.Build.0 = Debug|Any CPU
		{0FC60E78-A140-4666-A8B0-ACF165C5815E}.Release|Any CPU.ActiveCfg = Release|Any CPU
		{0FC60E78-A140-4666-A8B0-ACF165C5815E}.Release|Any CPU.Build.0 = Release|Any CPU
		{0FC60E78-A140-4666-A8B0-ACF165C5815E}.Release|ARM.ActiveCfg = Release|Any CPU
		{0FC60E78-A140-4666-A8B0-ACF165C5815E}.Release|ARM.Build.0 = Release|Any CPU
		{0FC60E78-A140-4666-A8B0-ACF165C5815E}.Release|iPhone.ActiveCfg = Release|Any CPU
		{0FC60E78-A140-4666-A8B0-ACF165C5815E}.Release|iPhone.Build.0 = Release|Any CPU
		{0FC60E78-A140-4666-A8B0-ACF165C5815E}.Release|iPhoneSimulator.ActiveCfg = Release|Any CPU
		{0FC60E78-A140-4666-A8B0-ACF165C5815E}.Release|iPhoneSimulator.Build.0 = Release|Any CPU
		{0FC60E78-A140-4666-A8B0-ACF165C5815E}.Release|x64.ActiveCfg = Release|Any CPU
		{0FC60E78-A140-4666-A8B0-ACF165C5815E}.Release|x64.Build.0 = Release|Any CPU
		{0FC60E78-A140-4666-A8B0-ACF165C5815E}.Release|x86.ActiveCfg = Release|Any CPU
		{0FC60E78-A140-4666-A8B0-ACF165C5815E}.Release|x86.Build.0 = Release|Any CPU
		{C618B80E-E0A1-49AE-9F18-3BA51D6E891D}.Ad-Hoc|Any CPU.ActiveCfg = Release|Any CPU
		{C618B80E-E0A1-49AE-9F18-3BA51D6E891D}.Ad-Hoc|Any CPU.Build.0 = Release|Any CPU
		{C618B80E-E0A1-49AE-9F18-3BA51D6E891D}.Ad-Hoc|Any CPU.Deploy.0 = Release|Any CPU
		{C618B80E-E0A1-49AE-9F18-3BA51D6E891D}.Ad-Hoc|ARM.ActiveCfg = Release|Any CPU
		{C618B80E-E0A1-49AE-9F18-3BA51D6E891D}.Ad-Hoc|ARM.Build.0 = Release|Any CPU
		{C618B80E-E0A1-49AE-9F18-3BA51D6E891D}.Ad-Hoc|ARM.Deploy.0 = Release|Any CPU
		{C618B80E-E0A1-49AE-9F18-3BA51D6E891D}.Ad-Hoc|iPhone.ActiveCfg = Release|Any CPU
		{C618B80E-E0A1-49AE-9F18-3BA51D6E891D}.Ad-Hoc|iPhone.Build.0 = Release|Any CPU
		{C618B80E-E0A1-49AE-9F18-3BA51D6E891D}.Ad-Hoc|iPhone.Deploy.0 = Release|Any CPU
		{C618B80E-E0A1-49AE-9F18-3BA51D6E891D}.Ad-Hoc|iPhoneSimulator.ActiveCfg = Release|Any CPU
		{C618B80E-E0A1-49AE-9F18-3BA51D6E891D}.Ad-Hoc|iPhoneSimulator.Build.0 = Release|Any CPU
		{C618B80E-E0A1-49AE-9F18-3BA51D6E891D}.Ad-Hoc|iPhoneSimulator.Deploy.0 = Release|Any CPU
		{C618B80E-E0A1-49AE-9F18-3BA51D6E891D}.Ad-Hoc|x64.ActiveCfg = Release|Any CPU
		{C618B80E-E0A1-49AE-9F18-3BA51D6E891D}.Ad-Hoc|x64.Build.0 = Release|Any CPU
		{C618B80E-E0A1-49AE-9F18-3BA51D6E891D}.Ad-Hoc|x64.Deploy.0 = Release|Any CPU
		{C618B80E-E0A1-49AE-9F18-3BA51D6E891D}.Ad-Hoc|x86.ActiveCfg = Release|Any CPU
		{C618B80E-E0A1-49AE-9F18-3BA51D6E891D}.Ad-Hoc|x86.Build.0 = Release|Any CPU
		{C618B80E-E0A1-49AE-9F18-3BA51D6E891D}.Ad-Hoc|x86.Deploy.0 = Release|Any CPU
		{C618B80E-E0A1-49AE-9F18-3BA51D6E891D}.AppStore|Any CPU.ActiveCfg = Release|Any CPU
		{C618B80E-E0A1-49AE-9F18-3BA51D6E891D}.AppStore|Any CPU.Build.0 = Release|Any CPU
		{C618B80E-E0A1-49AE-9F18-3BA51D6E891D}.AppStore|Any CPU.Deploy.0 = Release|Any CPU
		{C618B80E-E0A1-49AE-9F18-3BA51D6E891D}.AppStore|ARM.ActiveCfg = Release|Any CPU
		{C618B80E-E0A1-49AE-9F18-3BA51D6E891D}.AppStore|ARM.Build.0 = Release|Any CPU
		{C618B80E-E0A1-49AE-9F18-3BA51D6E891D}.AppStore|ARM.Deploy.0 = Release|Any CPU
		{C618B80E-E0A1-49AE-9F18-3BA51D6E891D}.AppStore|iPhone.ActiveCfg = Release|Any CPU
		{C618B80E-E0A1-49AE-9F18-3BA51D6E891D}.AppStore|iPhone.Build.0 = Release|Any CPU
		{C618B80E-E0A1-49AE-9F18-3BA51D6E891D}.AppStore|iPhone.Deploy.0 = Release|Any CPU
		{C618B80E-E0A1-49AE-9F18-3BA51D6E891D}.AppStore|iPhoneSimulator.ActiveCfg = Release|Any CPU
		{C618B80E-E0A1-49AE-9F18-3BA51D6E891D}.AppStore|iPhoneSimulator.Build.0 = Release|Any CPU
		{C618B80E-E0A1-49AE-9F18-3BA51D6E891D}.AppStore|iPhoneSimulator.Deploy.0 = Release|Any CPU
		{C618B80E-E0A1-49AE-9F18-3BA51D6E891D}.AppStore|x64.ActiveCfg = Release|Any CPU
		{C618B80E-E0A1-49AE-9F18-3BA51D6E891D}.AppStore|x64.Build.0 = Release|Any CPU
		{C618B80E-E0A1-49AE-9F18-3BA51D6E891D}.AppStore|x64.Deploy.0 = Release|Any CPU
		{C618B80E-E0A1-49AE-9F18-3BA51D6E891D}.AppStore|x86.ActiveCfg = Release|Any CPU
		{C618B80E-E0A1-49AE-9F18-3BA51D6E891D}.AppStore|x86.Build.0 = Release|Any CPU
		{C618B80E-E0A1-49AE-9F18-3BA51D6E891D}.AppStore|x86.Deploy.0 = Release|Any CPU
		{C618B80E-E0A1-49AE-9F18-3BA51D6E891D}.Debug|Any CPU.ActiveCfg = Debug|Any CPU
		{C618B80E-E0A1-49AE-9F18-3BA51D6E891D}.Debug|Any CPU.Build.0 = Debug|Any CPU
		{C618B80E-E0A1-49AE-9F18-3BA51D6E891D}.Debug|Any CPU.Deploy.0 = Debug|Any CPU
		{C618B80E-E0A1-49AE-9F18-3BA51D6E891D}.Debug|ARM.ActiveCfg = Debug|Any CPU
		{C618B80E-E0A1-49AE-9F18-3BA51D6E891D}.Debug|ARM.Build.0 = Debug|Any CPU
		{C618B80E-E0A1-49AE-9F18-3BA51D6E891D}.Debug|ARM.Deploy.0 = Debug|Any CPU
		{C618B80E-E0A1-49AE-9F18-3BA51D6E891D}.Debug|iPhone.ActiveCfg = Debug|Any CPU
		{C618B80E-E0A1-49AE-9F18-3BA51D6E891D}.Debug|iPhone.Build.0 = Debug|Any CPU
		{C618B80E-E0A1-49AE-9F18-3BA51D6E891D}.Debug|iPhone.Deploy.0 = Debug|Any CPU
		{C618B80E-E0A1-49AE-9F18-3BA51D6E891D}.Debug|iPhoneSimulator.ActiveCfg = Debug|Any CPU
		{C618B80E-E0A1-49AE-9F18-3BA51D6E891D}.Debug|iPhoneSimulator.Build.0 = Debug|Any CPU
		{C618B80E-E0A1-49AE-9F18-3BA51D6E891D}.Debug|iPhoneSimulator.Deploy.0 = Debug|Any CPU
		{C618B80E-E0A1-49AE-9F18-3BA51D6E891D}.Debug|x64.ActiveCfg = Debug|Any CPU
		{C618B80E-E0A1-49AE-9F18-3BA51D6E891D}.Debug|x64.Build.0 = Debug|Any CPU
		{C618B80E-E0A1-49AE-9F18-3BA51D6E891D}.Debug|x64.Deploy.0 = Debug|Any CPU
		{C618B80E-E0A1-49AE-9F18-3BA51D6E891D}.Debug|x86.ActiveCfg = Debug|Any CPU
		{C618B80E-E0A1-49AE-9F18-3BA51D6E891D}.Debug|x86.Build.0 = Debug|Any CPU
		{C618B80E-E0A1-49AE-9F18-3BA51D6E891D}.Debug|x86.Deploy.0 = Debug|Any CPU
		{C618B80E-E0A1-49AE-9F18-3BA51D6E891D}.Release|Any CPU.ActiveCfg = Release|Any CPU
		{C618B80E-E0A1-49AE-9F18-3BA51D6E891D}.Release|Any CPU.Build.0 = Release|Any CPU
		{C618B80E-E0A1-49AE-9F18-3BA51D6E891D}.Release|Any CPU.Deploy.0 = Release|Any CPU
		{C618B80E-E0A1-49AE-9F18-3BA51D6E891D}.Release|ARM.ActiveCfg = Release|Any CPU
		{C618B80E-E0A1-49AE-9F18-3BA51D6E891D}.Release|ARM.Build.0 = Release|Any CPU
		{C618B80E-E0A1-49AE-9F18-3BA51D6E891D}.Release|ARM.Deploy.0 = Release|Any CPU
		{C618B80E-E0A1-49AE-9F18-3BA51D6E891D}.Release|iPhone.ActiveCfg = Release|Any CPU
		{C618B80E-E0A1-49AE-9F18-3BA51D6E891D}.Release|iPhone.Build.0 = Release|Any CPU
		{C618B80E-E0A1-49AE-9F18-3BA51D6E891D}.Release|iPhone.Deploy.0 = Release|Any CPU
		{C618B80E-E0A1-49AE-9F18-3BA51D6E891D}.Release|iPhoneSimulator.ActiveCfg = Release|Any CPU
		{C618B80E-E0A1-49AE-9F18-3BA51D6E891D}.Release|iPhoneSimulator.Build.0 = Release|Any CPU
		{C618B80E-E0A1-49AE-9F18-3BA51D6E891D}.Release|iPhoneSimulator.Deploy.0 = Release|Any CPU
		{C618B80E-E0A1-49AE-9F18-3BA51D6E891D}.Release|x64.ActiveCfg = Release|Any CPU
		{C618B80E-E0A1-49AE-9F18-3BA51D6E891D}.Release|x64.Build.0 = Release|Any CPU
		{C618B80E-E0A1-49AE-9F18-3BA51D6E891D}.Release|x64.Deploy.0 = Release|Any CPU
		{C618B80E-E0A1-49AE-9F18-3BA51D6E891D}.Release|x86.ActiveCfg = Release|Any CPU
		{C618B80E-E0A1-49AE-9F18-3BA51D6E891D}.Release|x86.Build.0 = Release|Any CPU
		{C618B80E-E0A1-49AE-9F18-3BA51D6E891D}.Release|x86.Deploy.0 = Release|Any CPU
		{31FE66CB-E22F-409C-90F3-65888E36A93E}.Ad-Hoc|Any CPU.ActiveCfg = Ad-Hoc|iPhone
		{31FE66CB-E22F-409C-90F3-65888E36A93E}.Ad-Hoc|ARM.ActiveCfg = Ad-Hoc|iPhone
		{31FE66CB-E22F-409C-90F3-65888E36A93E}.Ad-Hoc|iPhone.ActiveCfg = Ad-Hoc|iPhone
		{31FE66CB-E22F-409C-90F3-65888E36A93E}.Ad-Hoc|iPhone.Build.0 = Ad-Hoc|iPhone
		{31FE66CB-E22F-409C-90F3-65888E36A93E}.Ad-Hoc|iPhoneSimulator.ActiveCfg = Ad-Hoc|iPhoneSimulator
		{31FE66CB-E22F-409C-90F3-65888E36A93E}.Ad-Hoc|iPhoneSimulator.Build.0 = Ad-Hoc|iPhoneSimulator
		{31FE66CB-E22F-409C-90F3-65888E36A93E}.Ad-Hoc|x64.ActiveCfg = Ad-Hoc|iPhone
		{31FE66CB-E22F-409C-90F3-65888E36A93E}.Ad-Hoc|x86.ActiveCfg = Ad-Hoc|iPhone
		{31FE66CB-E22F-409C-90F3-65888E36A93E}.AppStore|Any CPU.ActiveCfg = AppStore|iPhone
		{31FE66CB-E22F-409C-90F3-65888E36A93E}.AppStore|ARM.ActiveCfg = AppStore|iPhone
		{31FE66CB-E22F-409C-90F3-65888E36A93E}.AppStore|iPhone.ActiveCfg = AppStore|iPhone
		{31FE66CB-E22F-409C-90F3-65888E36A93E}.AppStore|iPhone.Build.0 = AppStore|iPhone
		{31FE66CB-E22F-409C-90F3-65888E36A93E}.AppStore|iPhoneSimulator.ActiveCfg = AppStore|iPhoneSimulator
		{31FE66CB-E22F-409C-90F3-65888E36A93E}.AppStore|iPhoneSimulator.Build.0 = AppStore|iPhoneSimulator
		{31FE66CB-E22F-409C-90F3-65888E36A93E}.AppStore|x64.ActiveCfg = AppStore|iPhone
		{31FE66CB-E22F-409C-90F3-65888E36A93E}.AppStore|x86.ActiveCfg = AppStore|iPhone
		{31FE66CB-E22F-409C-90F3-65888E36A93E}.Debug|Any CPU.ActiveCfg = Debug|iPhone
		{31FE66CB-E22F-409C-90F3-65888E36A93E}.Debug|ARM.ActiveCfg = Debug|iPhone
		{31FE66CB-E22F-409C-90F3-65888E36A93E}.Debug|iPhone.ActiveCfg = Debug|iPhone
		{31FE66CB-E22F-409C-90F3-65888E36A93E}.Debug|iPhone.Build.0 = Debug|iPhone
		{31FE66CB-E22F-409C-90F3-65888E36A93E}.Debug|iPhoneSimulator.ActiveCfg = Debug|iPhoneSimulator
		{31FE66CB-E22F-409C-90F3-65888E36A93E}.Debug|iPhoneSimulator.Build.0 = Debug|iPhoneSimulator
		{31FE66CB-E22F-409C-90F3-65888E36A93E}.Debug|x64.ActiveCfg = Debug|iPhone
		{31FE66CB-E22F-409C-90F3-65888E36A93E}.Debug|x86.ActiveCfg = Debug|iPhone
		{31FE66CB-E22F-409C-90F3-65888E36A93E}.Release|Any CPU.ActiveCfg = Release|iPhone
		{31FE66CB-E22F-409C-90F3-65888E36A93E}.Release|ARM.ActiveCfg = Release|iPhone
		{31FE66CB-E22F-409C-90F3-65888E36A93E}.Release|iPhone.ActiveCfg = Release|iPhone
		{31FE66CB-E22F-409C-90F3-65888E36A93E}.Release|iPhone.Build.0 = Release|iPhone
		{31FE66CB-E22F-409C-90F3-65888E36A93E}.Release|iPhoneSimulator.ActiveCfg = Release|iPhoneSimulator
		{31FE66CB-E22F-409C-90F3-65888E36A93E}.Release|iPhoneSimulator.Build.0 = Release|iPhoneSimulator
		{31FE66CB-E22F-409C-90F3-65888E36A93E}.Release|x64.ActiveCfg = Release|iPhone
		{31FE66CB-E22F-409C-90F3-65888E36A93E}.Release|x86.ActiveCfg = Release|iPhone
		{67F9D3A8-F71E-4428-913F-C37AE82CDB24}.Ad-Hoc|Any CPU.ActiveCfg = Release|Any CPU
		{67F9D3A8-F71E-4428-913F-C37AE82CDB24}.Ad-Hoc|Any CPU.Build.0 = Release|Any CPU
		{67F9D3A8-F71E-4428-913F-C37AE82CDB24}.Ad-Hoc|ARM.ActiveCfg = Release|Any CPU
		{67F9D3A8-F71E-4428-913F-C37AE82CDB24}.Ad-Hoc|ARM.Build.0 = Release|Any CPU
		{67F9D3A8-F71E-4428-913F-C37AE82CDB24}.Ad-Hoc|iPhone.ActiveCfg = Release|Any CPU
		{67F9D3A8-F71E-4428-913F-C37AE82CDB24}.Ad-Hoc|iPhone.Build.0 = Release|Any CPU
		{67F9D3A8-F71E-4428-913F-C37AE82CDB24}.Ad-Hoc|iPhoneSimulator.ActiveCfg = Release|Any CPU
		{67F9D3A8-F71E-4428-913F-C37AE82CDB24}.Ad-Hoc|iPhoneSimulator.Build.0 = Release|Any CPU
		{67F9D3A8-F71E-4428-913F-C37AE82CDB24}.Ad-Hoc|x64.ActiveCfg = Release|Any CPU
		{67F9D3A8-F71E-4428-913F-C37AE82CDB24}.Ad-Hoc|x64.Build.0 = Release|Any CPU
		{67F9D3A8-F71E-4428-913F-C37AE82CDB24}.Ad-Hoc|x86.ActiveCfg = Release|Any CPU
		{67F9D3A8-F71E-4428-913F-C37AE82CDB24}.Ad-Hoc|x86.Build.0 = Release|Any CPU
		{67F9D3A8-F71E-4428-913F-C37AE82CDB24}.AppStore|Any CPU.ActiveCfg = Release|Any CPU
		{67F9D3A8-F71E-4428-913F-C37AE82CDB24}.AppStore|Any CPU.Build.0 = Release|Any CPU
		{67F9D3A8-F71E-4428-913F-C37AE82CDB24}.AppStore|ARM.ActiveCfg = Release|Any CPU
		{67F9D3A8-F71E-4428-913F-C37AE82CDB24}.AppStore|ARM.Build.0 = Release|Any CPU
		{67F9D3A8-F71E-4428-913F-C37AE82CDB24}.AppStore|iPhone.ActiveCfg = Release|Any CPU
		{67F9D3A8-F71E-4428-913F-C37AE82CDB24}.AppStore|iPhone.Build.0 = Release|Any CPU
		{67F9D3A8-F71E-4428-913F-C37AE82CDB24}.AppStore|iPhoneSimulator.ActiveCfg = Release|Any CPU
		{67F9D3A8-F71E-4428-913F-C37AE82CDB24}.AppStore|iPhoneSimulator.Build.0 = Release|Any CPU
		{67F9D3A8-F71E-4428-913F-C37AE82CDB24}.AppStore|x64.ActiveCfg = Release|Any CPU
		{67F9D3A8-F71E-4428-913F-C37AE82CDB24}.AppStore|x64.Build.0 = Release|Any CPU
		{67F9D3A8-F71E-4428-913F-C37AE82CDB24}.AppStore|x86.ActiveCfg = Release|Any CPU
		{67F9D3A8-F71E-4428-913F-C37AE82CDB24}.AppStore|x86.Build.0 = Release|Any CPU
		{67F9D3A8-F71E-4428-913F-C37AE82CDB24}.Debug|Any CPU.ActiveCfg = Debug|Any CPU
		{67F9D3A8-F71E-4428-913F-C37AE82CDB24}.Debug|Any CPU.Build.0 = Debug|Any CPU
		{67F9D3A8-F71E-4428-913F-C37AE82CDB24}.Debug|ARM.ActiveCfg = Debug|Any CPU
		{67F9D3A8-F71E-4428-913F-C37AE82CDB24}.Debug|ARM.Build.0 = Debug|Any CPU
		{67F9D3A8-F71E-4428-913F-C37AE82CDB24}.Debug|iPhone.ActiveCfg = Debug|Any CPU
		{67F9D3A8-F71E-4428-913F-C37AE82CDB24}.Debug|iPhone.Build.0 = Debug|Any CPU
		{67F9D3A8-F71E-4428-913F-C37AE82CDB24}.Debug|iPhoneSimulator.ActiveCfg = Debug|Any CPU
		{67F9D3A8-F71E-4428-913F-C37AE82CDB24}.Debug|iPhoneSimulator.Build.0 = Debug|Any CPU
		{67F9D3A8-F71E-4428-913F-C37AE82CDB24}.Debug|x64.ActiveCfg = Debug|Any CPU
		{67F9D3A8-F71E-4428-913F-C37AE82CDB24}.Debug|x64.Build.0 = Debug|Any CPU
		{67F9D3A8-F71E-4428-913F-C37AE82CDB24}.Debug|x86.ActiveCfg = Debug|Any CPU
		{67F9D3A8-F71E-4428-913F-C37AE82CDB24}.Debug|x86.Build.0 = Debug|Any CPU
		{67F9D3A8-F71E-4428-913F-C37AE82CDB24}.Release|Any CPU.ActiveCfg = Release|Any CPU
		{67F9D3A8-F71E-4428-913F-C37AE82CDB24}.Release|Any CPU.Build.0 = Release|Any CPU
		{67F9D3A8-F71E-4428-913F-C37AE82CDB24}.Release|ARM.ActiveCfg = Release|Any CPU
		{67F9D3A8-F71E-4428-913F-C37AE82CDB24}.Release|ARM.Build.0 = Release|Any CPU
		{67F9D3A8-F71E-4428-913F-C37AE82CDB24}.Release|iPhone.ActiveCfg = Release|Any CPU
		{67F9D3A8-F71E-4428-913F-C37AE82CDB24}.Release|iPhone.Build.0 = Release|Any CPU
		{67F9D3A8-F71E-4428-913F-C37AE82CDB24}.Release|iPhoneSimulator.ActiveCfg = Release|Any CPU
		{67F9D3A8-F71E-4428-913F-C37AE82CDB24}.Release|iPhoneSimulator.Build.0 = Release|Any CPU
		{67F9D3A8-F71E-4428-913F-C37AE82CDB24}.Release|x64.ActiveCfg = Release|Any CPU
		{67F9D3A8-F71E-4428-913F-C37AE82CDB24}.Release|x64.Build.0 = Release|Any CPU
		{67F9D3A8-F71E-4428-913F-C37AE82CDB24}.Release|x86.ActiveCfg = Release|Any CPU
		{67F9D3A8-F71E-4428-913F-C37AE82CDB24}.Release|x86.Build.0 = Release|Any CPU
		{7D7E8E3A-B304-4817-ADC9-DB1BEFB4BC29}.Ad-Hoc|Any CPU.ActiveCfg = Release|Any CPU
		{7D7E8E3A-B304-4817-ADC9-DB1BEFB4BC29}.Ad-Hoc|Any CPU.Build.0 = Release|Any CPU
		{7D7E8E3A-B304-4817-ADC9-DB1BEFB4BC29}.Ad-Hoc|ARM.ActiveCfg = Release|Any CPU
		{7D7E8E3A-B304-4817-ADC9-DB1BEFB4BC29}.Ad-Hoc|ARM.Build.0 = Release|Any CPU
		{7D7E8E3A-B304-4817-ADC9-DB1BEFB4BC29}.Ad-Hoc|iPhone.ActiveCfg = Release|Any CPU
		{7D7E8E3A-B304-4817-ADC9-DB1BEFB4BC29}.Ad-Hoc|iPhone.Build.0 = Release|Any CPU
		{7D7E8E3A-B304-4817-ADC9-DB1BEFB4BC29}.Ad-Hoc|iPhoneSimulator.ActiveCfg = Release|Any CPU
		{7D7E8E3A-B304-4817-ADC9-DB1BEFB4BC29}.Ad-Hoc|iPhoneSimulator.Build.0 = Release|Any CPU
		{7D7E8E3A-B304-4817-ADC9-DB1BEFB4BC29}.Ad-Hoc|x64.ActiveCfg = Release|Any CPU
		{7D7E8E3A-B304-4817-ADC9-DB1BEFB4BC29}.Ad-Hoc|x64.Build.0 = Release|Any CPU
		{7D7E8E3A-B304-4817-ADC9-DB1BEFB4BC29}.Ad-Hoc|x86.ActiveCfg = Release|Any CPU
		{7D7E8E3A-B304-4817-ADC9-DB1BEFB4BC29}.Ad-Hoc|x86.Build.0 = Release|Any CPU
		{7D7E8E3A-B304-4817-ADC9-DB1BEFB4BC29}.AppStore|Any CPU.ActiveCfg = Release|Any CPU
		{7D7E8E3A-B304-4817-ADC9-DB1BEFB4BC29}.AppStore|Any CPU.Build.0 = Release|Any CPU
		{7D7E8E3A-B304-4817-ADC9-DB1BEFB4BC29}.AppStore|ARM.ActiveCfg = Release|Any CPU
		{7D7E8E3A-B304-4817-ADC9-DB1BEFB4BC29}.AppStore|ARM.Build.0 = Release|Any CPU
		{7D7E8E3A-B304-4817-ADC9-DB1BEFB4BC29}.AppStore|iPhone.ActiveCfg = Release|Any CPU
		{7D7E8E3A-B304-4817-ADC9-DB1BEFB4BC29}.AppStore|iPhone.Build.0 = Release|Any CPU
		{7D7E8E3A-B304-4817-ADC9-DB1BEFB4BC29}.AppStore|iPhoneSimulator.ActiveCfg = Release|Any CPU
		{7D7E8E3A-B304-4817-ADC9-DB1BEFB4BC29}.AppStore|iPhoneSimulator.Build.0 = Release|Any CPU
		{7D7E8E3A-B304-4817-ADC9-DB1BEFB4BC29}.AppStore|x64.ActiveCfg = Release|Any CPU
		{7D7E8E3A-B304-4817-ADC9-DB1BEFB4BC29}.AppStore|x64.Build.0 = Release|Any CPU
		{7D7E8E3A-B304-4817-ADC9-DB1BEFB4BC29}.AppStore|x86.ActiveCfg = Release|Any CPU
		{7D7E8E3A-B304-4817-ADC9-DB1BEFB4BC29}.AppStore|x86.Build.0 = Release|Any CPU
		{7D7E8E3A-B304-4817-ADC9-DB1BEFB4BC29}.Debug|Any CPU.ActiveCfg = Debug|Any CPU
		{7D7E8E3A-B304-4817-ADC9-DB1BEFB4BC29}.Debug|Any CPU.Build.0 = Debug|Any CPU
		{7D7E8E3A-B304-4817-ADC9-DB1BEFB4BC29}.Debug|ARM.ActiveCfg = Debug|Any CPU
		{7D7E8E3A-B304-4817-ADC9-DB1BEFB4BC29}.Debug|ARM.Build.0 = Debug|Any CPU
		{7D7E8E3A-B304-4817-ADC9-DB1BEFB4BC29}.Debug|iPhone.ActiveCfg = Debug|Any CPU
		{7D7E8E3A-B304-4817-ADC9-DB1BEFB4BC29}.Debug|iPhone.Build.0 = Debug|Any CPU
		{7D7E8E3A-B304-4817-ADC9-DB1BEFB4BC29}.Debug|iPhoneSimulator.ActiveCfg = Debug|Any CPU
		{7D7E8E3A-B304-4817-ADC9-DB1BEFB4BC29}.Debug|iPhoneSimulator.Build.0 = Debug|Any CPU
		{7D7E8E3A-B304-4817-ADC9-DB1BEFB4BC29}.Debug|x64.ActiveCfg = Debug|Any CPU
		{7D7E8E3A-B304-4817-ADC9-DB1BEFB4BC29}.Debug|x64.Build.0 = Debug|Any CPU
		{7D7E8E3A-B304-4817-ADC9-DB1BEFB4BC29}.Debug|x86.ActiveCfg = Debug|Any CPU
		{7D7E8E3A-B304-4817-ADC9-DB1BEFB4BC29}.Debug|x86.Build.0 = Debug|Any CPU
		{7D7E8E3A-B304-4817-ADC9-DB1BEFB4BC29}.Release|Any CPU.ActiveCfg = Release|Any CPU
		{7D7E8E3A-B304-4817-ADC9-DB1BEFB4BC29}.Release|Any CPU.Build.0 = Release|Any CPU
		{7D7E8E3A-B304-4817-ADC9-DB1BEFB4BC29}.Release|ARM.ActiveCfg = Release|Any CPU
		{7D7E8E3A-B304-4817-ADC9-DB1BEFB4BC29}.Release|ARM.Build.0 = Release|Any CPU
		{7D7E8E3A-B304-4817-ADC9-DB1BEFB4BC29}.Release|iPhone.ActiveCfg = Release|Any CPU
		{7D7E8E3A-B304-4817-ADC9-DB1BEFB4BC29}.Release|iPhone.Build.0 = Release|Any CPU
		{7D7E8E3A-B304-4817-ADC9-DB1BEFB4BC29}.Release|iPhoneSimulator.ActiveCfg = Release|Any CPU
		{7D7E8E3A-B304-4817-ADC9-DB1BEFB4BC29}.Release|iPhoneSimulator.Build.0 = Release|Any CPU
		{7D7E8E3A-B304-4817-ADC9-DB1BEFB4BC29}.Release|x64.ActiveCfg = Release|Any CPU
		{7D7E8E3A-B304-4817-ADC9-DB1BEFB4BC29}.Release|x64.Build.0 = Release|Any CPU
		{7D7E8E3A-B304-4817-ADC9-DB1BEFB4BC29}.Release|x86.ActiveCfg = Release|Any CPU
		{7D7E8E3A-B304-4817-ADC9-DB1BEFB4BC29}.Release|x86.Build.0 = Release|Any CPU
		{29A51B00-DA43-49EE-B70C-C1072F88BC07}.Ad-Hoc|Any CPU.ActiveCfg = Release|Any CPU
		{29A51B00-DA43-49EE-B70C-C1072F88BC07}.Ad-Hoc|Any CPU.Build.0 = Release|Any CPU
		{29A51B00-DA43-49EE-B70C-C1072F88BC07}.Ad-Hoc|ARM.ActiveCfg = Release|Any CPU
		{29A51B00-DA43-49EE-B70C-C1072F88BC07}.Ad-Hoc|ARM.Build.0 = Release|Any CPU
		{29A51B00-DA43-49EE-B70C-C1072F88BC07}.Ad-Hoc|iPhone.ActiveCfg = Release|Any CPU
		{29A51B00-DA43-49EE-B70C-C1072F88BC07}.Ad-Hoc|iPhone.Build.0 = Release|Any CPU
		{29A51B00-DA43-49EE-B70C-C1072F88BC07}.Ad-Hoc|iPhoneSimulator.ActiveCfg = Release|Any CPU
		{29A51B00-DA43-49EE-B70C-C1072F88BC07}.Ad-Hoc|iPhoneSimulator.Build.0 = Release|Any CPU
		{29A51B00-DA43-49EE-B70C-C1072F88BC07}.Ad-Hoc|x64.ActiveCfg = Release|Any CPU
		{29A51B00-DA43-49EE-B70C-C1072F88BC07}.Ad-Hoc|x64.Build.0 = Release|Any CPU
		{29A51B00-DA43-49EE-B70C-C1072F88BC07}.Ad-Hoc|x86.ActiveCfg = Release|Any CPU
		{29A51B00-DA43-49EE-B70C-C1072F88BC07}.Ad-Hoc|x86.Build.0 = Release|Any CPU
		{29A51B00-DA43-49EE-B70C-C1072F88BC07}.AppStore|Any CPU.ActiveCfg = Release|Any CPU
		{29A51B00-DA43-49EE-B70C-C1072F88BC07}.AppStore|Any CPU.Build.0 = Release|Any CPU
		{29A51B00-DA43-49EE-B70C-C1072F88BC07}.AppStore|ARM.ActiveCfg = Release|Any CPU
		{29A51B00-DA43-49EE-B70C-C1072F88BC07}.AppStore|ARM.Build.0 = Release|Any CPU
		{29A51B00-DA43-49EE-B70C-C1072F88BC07}.AppStore|iPhone.ActiveCfg = Release|Any CPU
		{29A51B00-DA43-49EE-B70C-C1072F88BC07}.AppStore|iPhone.Build.0 = Release|Any CPU
		{29A51B00-DA43-49EE-B70C-C1072F88BC07}.AppStore|iPhoneSimulator.ActiveCfg = Release|Any CPU
		{29A51B00-DA43-49EE-B70C-C1072F88BC07}.AppStore|iPhoneSimulator.Build.0 = Release|Any CPU
		{29A51B00-DA43-49EE-B70C-C1072F88BC07}.AppStore|x64.ActiveCfg = Release|Any CPU
		{29A51B00-DA43-49EE-B70C-C1072F88BC07}.AppStore|x64.Build.0 = Release|Any CPU
		{29A51B00-DA43-49EE-B70C-C1072F88BC07}.AppStore|x86.ActiveCfg = Release|Any CPU
		{29A51B00-DA43-49EE-B70C-C1072F88BC07}.AppStore|x86.Build.0 = Release|Any CPU
		{29A51B00-DA43-49EE-B70C-C1072F88BC07}.Debug|Any CPU.ActiveCfg = Debug|Any CPU
		{29A51B00-DA43-49EE-B70C-C1072F88BC07}.Debug|Any CPU.Build.0 = Debug|Any CPU
		{29A51B00-DA43-49EE-B70C-C1072F88BC07}.Debug|ARM.ActiveCfg = Debug|Any CPU
		{29A51B00-DA43-49EE-B70C-C1072F88BC07}.Debug|ARM.Build.0 = Debug|Any CPU
		{29A51B00-DA43-49EE-B70C-C1072F88BC07}.Debug|iPhone.ActiveCfg = Debug|Any CPU
		{29A51B00-DA43-49EE-B70C-C1072F88BC07}.Debug|iPhone.Build.0 = Debug|Any CPU
		{29A51B00-DA43-49EE-B70C-C1072F88BC07}.Debug|iPhoneSimulator.ActiveCfg = Debug|Any CPU
		{29A51B00-DA43-49EE-B70C-C1072F88BC07}.Debug|iPhoneSimulator.Build.0 = Debug|Any CPU
		{29A51B00-DA43-49EE-B70C-C1072F88BC07}.Debug|x64.ActiveCfg = Debug|Any CPU
		{29A51B00-DA43-49EE-B70C-C1072F88BC07}.Debug|x64.Build.0 = Debug|Any CPU
		{29A51B00-DA43-49EE-B70C-C1072F88BC07}.Debug|x86.ActiveCfg = Debug|Any CPU
		{29A51B00-DA43-49EE-B70C-C1072F88BC07}.Debug|x86.Build.0 = Debug|Any CPU
		{29A51B00-DA43-49EE-B70C-C1072F88BC07}.Release|Any CPU.ActiveCfg = Release|Any CPU
		{29A51B00-DA43-49EE-B70C-C1072F88BC07}.Release|Any CPU.Build.0 = Release|Any CPU
		{29A51B00-DA43-49EE-B70C-C1072F88BC07}.Release|ARM.ActiveCfg = Release|Any CPU
		{29A51B00-DA43-49EE-B70C-C1072F88BC07}.Release|ARM.Build.0 = Release|Any CPU
		{29A51B00-DA43-49EE-B70C-C1072F88BC07}.Release|iPhone.ActiveCfg = Release|Any CPU
		{29A51B00-DA43-49EE-B70C-C1072F88BC07}.Release|iPhone.Build.0 = Release|Any CPU
		{29A51B00-DA43-49EE-B70C-C1072F88BC07}.Release|iPhoneSimulator.ActiveCfg = Release|Any CPU
		{29A51B00-DA43-49EE-B70C-C1072F88BC07}.Release|iPhoneSimulator.Build.0 = Release|Any CPU
		{29A51B00-DA43-49EE-B70C-C1072F88BC07}.Release|x64.ActiveCfg = Release|Any CPU
		{29A51B00-DA43-49EE-B70C-C1072F88BC07}.Release|x64.Build.0 = Release|Any CPU
		{29A51B00-DA43-49EE-B70C-C1072F88BC07}.Release|x86.ActiveCfg = Release|Any CPU
		{29A51B00-DA43-49EE-B70C-C1072F88BC07}.Release|x86.Build.0 = Release|Any CPU
		{55848284-8D40-46F9-A74E-2E4B170BF1F6}.Ad-Hoc|Any CPU.ActiveCfg = Debug|Any CPU
		{55848284-8D40-46F9-A74E-2E4B170BF1F6}.Ad-Hoc|Any CPU.Build.0 = Debug|Any CPU
		{55848284-8D40-46F9-A74E-2E4B170BF1F6}.Ad-Hoc|ARM.ActiveCfg = Debug|Any CPU
		{55848284-8D40-46F9-A74E-2E4B170BF1F6}.Ad-Hoc|ARM.Build.0 = Debug|Any CPU
		{55848284-8D40-46F9-A74E-2E4B170BF1F6}.Ad-Hoc|iPhone.ActiveCfg = Debug|Any CPU
		{55848284-8D40-46F9-A74E-2E4B170BF1F6}.Ad-Hoc|iPhone.Build.0 = Debug|Any CPU
		{55848284-8D40-46F9-A74E-2E4B170BF1F6}.Ad-Hoc|iPhoneSimulator.ActiveCfg = Debug|Any CPU
		{55848284-8D40-46F9-A74E-2E4B170BF1F6}.Ad-Hoc|iPhoneSimulator.Build.0 = Debug|Any CPU
		{55848284-8D40-46F9-A74E-2E4B170BF1F6}.Ad-Hoc|x64.ActiveCfg = Debug|Any CPU
		{55848284-8D40-46F9-A74E-2E4B170BF1F6}.Ad-Hoc|x64.Build.0 = Debug|Any CPU
		{55848284-8D40-46F9-A74E-2E4B170BF1F6}.Ad-Hoc|x86.ActiveCfg = Debug|Any CPU
		{55848284-8D40-46F9-A74E-2E4B170BF1F6}.Ad-Hoc|x86.Build.0 = Debug|Any CPU
		{55848284-8D40-46F9-A74E-2E4B170BF1F6}.AppStore|Any CPU.ActiveCfg = Debug|Any CPU
		{55848284-8D40-46F9-A74E-2E4B170BF1F6}.AppStore|Any CPU.Build.0 = Debug|Any CPU
		{55848284-8D40-46F9-A74E-2E4B170BF1F6}.AppStore|ARM.ActiveCfg = Debug|Any CPU
		{55848284-8D40-46F9-A74E-2E4B170BF1F6}.AppStore|ARM.Build.0 = Debug|Any CPU
		{55848284-8D40-46F9-A74E-2E4B170BF1F6}.AppStore|iPhone.ActiveCfg = Debug|Any CPU
		{55848284-8D40-46F9-A74E-2E4B170BF1F6}.AppStore|iPhone.Build.0 = Debug|Any CPU
		{55848284-8D40-46F9-A74E-2E4B170BF1F6}.AppStore|iPhoneSimulator.ActiveCfg = Debug|Any CPU
		{55848284-8D40-46F9-A74E-2E4B170BF1F6}.AppStore|iPhoneSimulator.Build.0 = Debug|Any CPU
		{55848284-8D40-46F9-A74E-2E4B170BF1F6}.AppStore|x64.ActiveCfg = Debug|Any CPU
		{55848284-8D40-46F9-A74E-2E4B170BF1F6}.AppStore|x64.Build.0 = Debug|Any CPU
		{55848284-8D40-46F9-A74E-2E4B170BF1F6}.AppStore|x86.ActiveCfg = Debug|Any CPU
		{55848284-8D40-46F9-A74E-2E4B170BF1F6}.AppStore|x86.Build.0 = Debug|Any CPU
		{55848284-8D40-46F9-A74E-2E4B170BF1F6}.Debug|Any CPU.ActiveCfg = Debug|Any CPU
		{55848284-8D40-46F9-A74E-2E4B170BF1F6}.Debug|Any CPU.Build.0 = Debug|Any CPU
		{55848284-8D40-46F9-A74E-2E4B170BF1F6}.Debug|ARM.ActiveCfg = Debug|Any CPU
		{55848284-8D40-46F9-A74E-2E4B170BF1F6}.Debug|ARM.Build.0 = Debug|Any CPU
		{55848284-8D40-46F9-A74E-2E4B170BF1F6}.Debug|iPhone.ActiveCfg = Debug|Any CPU
		{55848284-8D40-46F9-A74E-2E4B170BF1F6}.Debug|iPhone.Build.0 = Debug|Any CPU
		{55848284-8D40-46F9-A74E-2E4B170BF1F6}.Debug|iPhoneSimulator.ActiveCfg = Debug|Any CPU
		{55848284-8D40-46F9-A74E-2E4B170BF1F6}.Debug|iPhoneSimulator.Build.0 = Debug|Any CPU
		{55848284-8D40-46F9-A74E-2E4B170BF1F6}.Debug|x64.ActiveCfg = Debug|Any CPU
		{55848284-8D40-46F9-A74E-2E4B170BF1F6}.Debug|x64.Build.0 = Debug|Any CPU
		{55848284-8D40-46F9-A74E-2E4B170BF1F6}.Debug|x86.ActiveCfg = Debug|Any CPU
		{55848284-8D40-46F9-A74E-2E4B170BF1F6}.Debug|x86.Build.0 = Debug|Any CPU
		{55848284-8D40-46F9-A74E-2E4B170BF1F6}.Release|Any CPU.ActiveCfg = Release|Any CPU
		{55848284-8D40-46F9-A74E-2E4B170BF1F6}.Release|Any CPU.Build.0 = Release|Any CPU
		{55848284-8D40-46F9-A74E-2E4B170BF1F6}.Release|ARM.ActiveCfg = Release|Any CPU
		{55848284-8D40-46F9-A74E-2E4B170BF1F6}.Release|ARM.Build.0 = Release|Any CPU
		{55848284-8D40-46F9-A74E-2E4B170BF1F6}.Release|iPhone.ActiveCfg = Release|Any CPU
		{55848284-8D40-46F9-A74E-2E4B170BF1F6}.Release|iPhone.Build.0 = Release|Any CPU
		{55848284-8D40-46F9-A74E-2E4B170BF1F6}.Release|iPhoneSimulator.ActiveCfg = Release|Any CPU
		{55848284-8D40-46F9-A74E-2E4B170BF1F6}.Release|iPhoneSimulator.Build.0 = Release|Any CPU
		{55848284-8D40-46F9-A74E-2E4B170BF1F6}.Release|x64.ActiveCfg = Release|Any CPU
		{55848284-8D40-46F9-A74E-2E4B170BF1F6}.Release|x64.Build.0 = Release|Any CPU
		{55848284-8D40-46F9-A74E-2E4B170BF1F6}.Release|x86.ActiveCfg = Release|Any CPU
		{55848284-8D40-46F9-A74E-2E4B170BF1F6}.Release|x86.Build.0 = Release|Any CPU
		{1E449ED0-8FDD-4491-9B9C-4D12DDF0B0D9}.Ad-Hoc|Any CPU.ActiveCfg = Debug|Any CPU
		{1E449ED0-8FDD-4491-9B9C-4D12DDF0B0D9}.Ad-Hoc|Any CPU.Build.0 = Debug|Any CPU
		{1E449ED0-8FDD-4491-9B9C-4D12DDF0B0D9}.Ad-Hoc|ARM.ActiveCfg = Debug|Any CPU
		{1E449ED0-8FDD-4491-9B9C-4D12DDF0B0D9}.Ad-Hoc|ARM.Build.0 = Debug|Any CPU
		{1E449ED0-8FDD-4491-9B9C-4D12DDF0B0D9}.Ad-Hoc|iPhone.ActiveCfg = Debug|Any CPU
		{1E449ED0-8FDD-4491-9B9C-4D12DDF0B0D9}.Ad-Hoc|iPhone.Build.0 = Debug|Any CPU
		{1E449ED0-8FDD-4491-9B9C-4D12DDF0B0D9}.Ad-Hoc|iPhoneSimulator.ActiveCfg = Debug|Any CPU
		{1E449ED0-8FDD-4491-9B9C-4D12DDF0B0D9}.Ad-Hoc|iPhoneSimulator.Build.0 = Debug|Any CPU
		{1E449ED0-8FDD-4491-9B9C-4D12DDF0B0D9}.Ad-Hoc|x64.ActiveCfg = Debug|Any CPU
		{1E449ED0-8FDD-4491-9B9C-4D12DDF0B0D9}.Ad-Hoc|x64.Build.0 = Debug|Any CPU
		{1E449ED0-8FDD-4491-9B9C-4D12DDF0B0D9}.Ad-Hoc|x86.ActiveCfg = Debug|Any CPU
		{1E449ED0-8FDD-4491-9B9C-4D12DDF0B0D9}.Ad-Hoc|x86.Build.0 = Debug|Any CPU
		{1E449ED0-8FDD-4491-9B9C-4D12DDF0B0D9}.AppStore|Any CPU.ActiveCfg = Debug|Any CPU
		{1E449ED0-8FDD-4491-9B9C-4D12DDF0B0D9}.AppStore|Any CPU.Build.0 = Debug|Any CPU
		{1E449ED0-8FDD-4491-9B9C-4D12DDF0B0D9}.AppStore|ARM.ActiveCfg = Debug|Any CPU
		{1E449ED0-8FDD-4491-9B9C-4D12DDF0B0D9}.AppStore|ARM.Build.0 = Debug|Any CPU
		{1E449ED0-8FDD-4491-9B9C-4D12DDF0B0D9}.AppStore|iPhone.ActiveCfg = Debug|Any CPU
		{1E449ED0-8FDD-4491-9B9C-4D12DDF0B0D9}.AppStore|iPhone.Build.0 = Debug|Any CPU
		{1E449ED0-8FDD-4491-9B9C-4D12DDF0B0D9}.AppStore|iPhoneSimulator.ActiveCfg = Debug|Any CPU
		{1E449ED0-8FDD-4491-9B9C-4D12DDF0B0D9}.AppStore|iPhoneSimulator.Build.0 = Debug|Any CPU
		{1E449ED0-8FDD-4491-9B9C-4D12DDF0B0D9}.AppStore|x64.ActiveCfg = Debug|Any CPU
		{1E449ED0-8FDD-4491-9B9C-4D12DDF0B0D9}.AppStore|x64.Build.0 = Debug|Any CPU
		{1E449ED0-8FDD-4491-9B9C-4D12DDF0B0D9}.AppStore|x86.ActiveCfg = Debug|Any CPU
		{1E449ED0-8FDD-4491-9B9C-4D12DDF0B0D9}.AppStore|x86.Build.0 = Debug|Any CPU
		{1E449ED0-8FDD-4491-9B9C-4D12DDF0B0D9}.Debug|Any CPU.ActiveCfg = Debug|Any CPU
		{1E449ED0-8FDD-4491-9B9C-4D12DDF0B0D9}.Debug|Any CPU.Build.0 = Debug|Any CPU
		{1E449ED0-8FDD-4491-9B9C-4D12DDF0B0D9}.Debug|ARM.ActiveCfg = Debug|Any CPU
		{1E449ED0-8FDD-4491-9B9C-4D12DDF0B0D9}.Debug|ARM.Build.0 = Debug|Any CPU
		{1E449ED0-8FDD-4491-9B9C-4D12DDF0B0D9}.Debug|iPhone.ActiveCfg = Debug|Any CPU
		{1E449ED0-8FDD-4491-9B9C-4D12DDF0B0D9}.Debug|iPhone.Build.0 = Debug|Any CPU
		{1E449ED0-8FDD-4491-9B9C-4D12DDF0B0D9}.Debug|iPhoneSimulator.ActiveCfg = Debug|Any CPU
		{1E449ED0-8FDD-4491-9B9C-4D12DDF0B0D9}.Debug|iPhoneSimulator.Build.0 = Debug|Any CPU
		{1E449ED0-8FDD-4491-9B9C-4D12DDF0B0D9}.Debug|x64.ActiveCfg = Debug|Any CPU
		{1E449ED0-8FDD-4491-9B9C-4D12DDF0B0D9}.Debug|x64.Build.0 = Debug|Any CPU
		{1E449ED0-8FDD-4491-9B9C-4D12DDF0B0D9}.Debug|x86.ActiveCfg = Debug|Any CPU
		{1E449ED0-8FDD-4491-9B9C-4D12DDF0B0D9}.Debug|x86.Build.0 = Debug|Any CPU
		{1E449ED0-8FDD-4491-9B9C-4D12DDF0B0D9}.Release|Any CPU.ActiveCfg = Release|Any CPU
		{1E449ED0-8FDD-4491-9B9C-4D12DDF0B0D9}.Release|Any CPU.Build.0 = Release|Any CPU
		{1E449ED0-8FDD-4491-9B9C-4D12DDF0B0D9}.Release|ARM.ActiveCfg = Release|Any CPU
		{1E449ED0-8FDD-4491-9B9C-4D12DDF0B0D9}.Release|ARM.Build.0 = Release|Any CPU
		{1E449ED0-8FDD-4491-9B9C-4D12DDF0B0D9}.Release|iPhone.ActiveCfg = Release|Any CPU
		{1E449ED0-8FDD-4491-9B9C-4D12DDF0B0D9}.Release|iPhone.Build.0 = Release|Any CPU
		{1E449ED0-8FDD-4491-9B9C-4D12DDF0B0D9}.Release|iPhoneSimulator.ActiveCfg = Release|Any CPU
		{1E449ED0-8FDD-4491-9B9C-4D12DDF0B0D9}.Release|iPhoneSimulator.Build.0 = Release|Any CPU
		{1E449ED0-8FDD-4491-9B9C-4D12DDF0B0D9}.Release|x64.ActiveCfg = Release|Any CPU
		{1E449ED0-8FDD-4491-9B9C-4D12DDF0B0D9}.Release|x64.Build.0 = Release|Any CPU
		{1E449ED0-8FDD-4491-9B9C-4D12DDF0B0D9}.Release|x86.ActiveCfg = Release|Any CPU
		{1E449ED0-8FDD-4491-9B9C-4D12DDF0B0D9}.Release|x86.Build.0 = Release|Any CPU
		{30B797B5-29E7-4415-98C6-433655615758}.Ad-Hoc|Any CPU.ActiveCfg = Debug|Any CPU
		{30B797B5-29E7-4415-98C6-433655615758}.Ad-Hoc|Any CPU.Build.0 = Debug|Any CPU
		{30B797B5-29E7-4415-98C6-433655615758}.Ad-Hoc|ARM.ActiveCfg = Debug|Any CPU
		{30B797B5-29E7-4415-98C6-433655615758}.Ad-Hoc|ARM.Build.0 = Debug|Any CPU
		{30B797B5-29E7-4415-98C6-433655615758}.Ad-Hoc|iPhone.ActiveCfg = Debug|Any CPU
		{30B797B5-29E7-4415-98C6-433655615758}.Ad-Hoc|iPhone.Build.0 = Debug|Any CPU
		{30B797B5-29E7-4415-98C6-433655615758}.Ad-Hoc|iPhoneSimulator.ActiveCfg = Debug|Any CPU
		{30B797B5-29E7-4415-98C6-433655615758}.Ad-Hoc|iPhoneSimulator.Build.0 = Debug|Any CPU
		{30B797B5-29E7-4415-98C6-433655615758}.Ad-Hoc|x64.ActiveCfg = Debug|Any CPU
		{30B797B5-29E7-4415-98C6-433655615758}.Ad-Hoc|x64.Build.0 = Debug|Any CPU
		{30B797B5-29E7-4415-98C6-433655615758}.Ad-Hoc|x86.ActiveCfg = Debug|Any CPU
		{30B797B5-29E7-4415-98C6-433655615758}.Ad-Hoc|x86.Build.0 = Debug|Any CPU
		{30B797B5-29E7-4415-98C6-433655615758}.AppStore|Any CPU.ActiveCfg = Debug|Any CPU
		{30B797B5-29E7-4415-98C6-433655615758}.AppStore|Any CPU.Build.0 = Debug|Any CPU
		{30B797B5-29E7-4415-98C6-433655615758}.AppStore|ARM.ActiveCfg = Debug|Any CPU
		{30B797B5-29E7-4415-98C6-433655615758}.AppStore|ARM.Build.0 = Debug|Any CPU
		{30B797B5-29E7-4415-98C6-433655615758}.AppStore|iPhone.ActiveCfg = Debug|Any CPU
		{30B797B5-29E7-4415-98C6-433655615758}.AppStore|iPhone.Build.0 = Debug|Any CPU
		{30B797B5-29E7-4415-98C6-433655615758}.AppStore|iPhoneSimulator.ActiveCfg = Debug|Any CPU
		{30B797B5-29E7-4415-98C6-433655615758}.AppStore|iPhoneSimulator.Build.0 = Debug|Any CPU
		{30B797B5-29E7-4415-98C6-433655615758}.AppStore|x64.ActiveCfg = Debug|Any CPU
		{30B797B5-29E7-4415-98C6-433655615758}.AppStore|x64.Build.0 = Debug|Any CPU
		{30B797B5-29E7-4415-98C6-433655615758}.AppStore|x86.ActiveCfg = Debug|Any CPU
		{30B797B5-29E7-4415-98C6-433655615758}.AppStore|x86.Build.0 = Debug|Any CPU
		{30B797B5-29E7-4415-98C6-433655615758}.Debug|Any CPU.ActiveCfg = Debug|Any CPU
		{30B797B5-29E7-4415-98C6-433655615758}.Debug|Any CPU.Build.0 = Debug|Any CPU
		{30B797B5-29E7-4415-98C6-433655615758}.Debug|ARM.ActiveCfg = Debug|Any CPU
		{30B797B5-29E7-4415-98C6-433655615758}.Debug|ARM.Build.0 = Debug|Any CPU
		{30B797B5-29E7-4415-98C6-433655615758}.Debug|iPhone.ActiveCfg = Debug|Any CPU
		{30B797B5-29E7-4415-98C6-433655615758}.Debug|iPhone.Build.0 = Debug|Any CPU
		{30B797B5-29E7-4415-98C6-433655615758}.Debug|iPhoneSimulator.ActiveCfg = Debug|Any CPU
		{30B797B5-29E7-4415-98C6-433655615758}.Debug|iPhoneSimulator.Build.0 = Debug|Any CPU
		{30B797B5-29E7-4415-98C6-433655615758}.Debug|x64.ActiveCfg = Debug|Any CPU
		{30B797B5-29E7-4415-98C6-433655615758}.Debug|x64.Build.0 = Debug|Any CPU
		{30B797B5-29E7-4415-98C6-433655615758}.Debug|x86.ActiveCfg = Debug|Any CPU
		{30B797B5-29E7-4415-98C6-433655615758}.Debug|x86.Build.0 = Debug|Any CPU
		{30B797B5-29E7-4415-98C6-433655615758}.Release|Any CPU.ActiveCfg = Release|Any CPU
		{30B797B5-29E7-4415-98C6-433655615758}.Release|Any CPU.Build.0 = Release|Any CPU
		{30B797B5-29E7-4415-98C6-433655615758}.Release|ARM.ActiveCfg = Release|Any CPU
		{30B797B5-29E7-4415-98C6-433655615758}.Release|ARM.Build.0 = Release|Any CPU
		{30B797B5-29E7-4415-98C6-433655615758}.Release|iPhone.ActiveCfg = Release|Any CPU
		{30B797B5-29E7-4415-98C6-433655615758}.Release|iPhone.Build.0 = Release|Any CPU
		{30B797B5-29E7-4415-98C6-433655615758}.Release|iPhoneSimulator.ActiveCfg = Release|Any CPU
		{30B797B5-29E7-4415-98C6-433655615758}.Release|iPhoneSimulator.Build.0 = Release|Any CPU
		{30B797B5-29E7-4415-98C6-433655615758}.Release|x64.ActiveCfg = Release|Any CPU
		{30B797B5-29E7-4415-98C6-433655615758}.Release|x64.Build.0 = Release|Any CPU
		{30B797B5-29E7-4415-98C6-433655615758}.Release|x86.ActiveCfg = Release|Any CPU
		{30B797B5-29E7-4415-98C6-433655615758}.Release|x86.Build.0 = Release|Any CPU
	EndGlobalSection
	GlobalSection(SolutionProperties) = preSolution
		HideSolutionNode = FALSE
	EndGlobalSection
	GlobalSection(NestedProjects) = preSolution
		{55848284-8D40-46F9-A74E-2E4B170BF1F6} = {E3380C31-9CC9-4825-A529-75793FB4D5E2}
		{1E449ED0-8FDD-4491-9B9C-4D12DDF0B0D9} = {E3380C31-9CC9-4825-A529-75793FB4D5E2}
		{30B797B5-29E7-4415-98C6-433655615758} = {E3380C31-9CC9-4825-A529-75793FB4D5E2}
	EndGlobalSection
EndGlobal
