
Microsoft Visual Studio Solution File, Format Version 12.00
# Visual Studio 15
VisualStudioVersion = 15.0.26430.6
MinimumVisualStudioVersion = 10.0.40219.1
Project("{2150E333-8FDC-42A3-9474-1A3956D46DE8}") = "src", "src", "{E1E571BD-D1C4-4295-918F-6F92DABF3BA4}"
EndProject
Project("{2150E333-8FDC-42A3-9474-1A3956D46DE8}") = "Solution Items", "Solution Items", "{5C9B4A3E-A717-433E-9464-E705A5DE5D0E}"
	ProjectSection(SolutionItems) = preProject
		global.json = global.json
	EndProjectSection
EndProject
Project("{FAE04EC0-301F-11D3-BF4B-00C04F79EFBC}") = "Vnap.WebApp", "Vnap.WebApp\Vnap.WebApp.csproj", "{74930A58-3E28-40A7-AB29-981786D785BE}"
EndProject
Global
	GlobalSection(SolutionConfigurationPlatforms) = preSolution
		Debug|Any CPU = Debug|Any CPU
		Release|Any CPU = Release|Any CPU
	EndGlobalSection
	GlobalSection(ProjectConfigurationPlatforms) = postSolution
		{74930A58-3E28-40A7-AB29-981786D785BE}.Debug|Any CPU.ActiveCfg = Debug|Any CPU
		{74930A58-3E28-40A7-AB29-981786D785BE}.Debug|Any CPU.Build.0 = Debug|Any CPU
		{74930A58-3E28-40A7-AB29-981786D785BE}.Release|Any CPU.ActiveCfg = Release|Any CPU
		{74930A58-3E28-40A7-AB29-981786D785BE}.Release|Any CPU.Build.0 = Release|Any CPU
	EndGlobalSection
	GlobalSection(SolutionProperties) = preSolution
		HideSolutionNode = FALSE
	EndGlobalSection
	GlobalSection(NestedProjects) = preSolution
		{74930A58-3E28-40A7-AB29-981786D785BE} = {E1E571BD-D1C4-4295-918F-6F92DABF3BA4}
	EndGlobalSection
EndGlobal
