
Microsoft Visual Studio Solution File, Format Version 12.00
# Visual Studio 14
VisualStudioVersion = 14.0.25420.1
MinimumVisualStudioVersion = 10.0.40219.1
Project("{2150E333-8FDC-42A3-9474-1A3956D46DE8}") = "src", "src", "{E1E571BD-D1C4-4295-918F-6F92DABF3BA4}"
EndProject
Project("{2150E333-8FDC-42A3-9474-1A3956D46DE8}") = "Solution Items", "Solution Items", "{5C9B4A3E-A717-433E-9464-E705A5DE5D0E}"
	ProjectSection(SolutionItems) = preProject
		global.json = global.json
	EndProjectSection
EndProject
Project("{8BB2217D-0F2D-49D1-97BC-3654ED321F3B}") = "Vnap.WebCore", "src\Vnap.Web\Vnap.WebCore.xproj", "{7A839FE0-65DB-470C-8540-E5932F297C9D}"
EndProject
Project("{FAE04EC0-301F-11D3-BF4B-00C04F79EFBC}") = "Vnap.Web", "Vnap.Web\Vnap.Web.csproj", "{AFFFE405-47CD-4D37-9EC5-B81E24D8A93D}"
EndProject
Global
	GlobalSection(SolutionConfigurationPlatforms) = preSolution
		Debug|Any CPU = Debug|Any CPU
		Release|Any CPU = Release|Any CPU
	EndGlobalSection
	GlobalSection(ProjectConfigurationPlatforms) = postSolution
		{7A839FE0-65DB-470C-8540-E5932F297C9D}.Debug|Any CPU.ActiveCfg = Debug|Any CPU
		{7A839FE0-65DB-470C-8540-E5932F297C9D}.Debug|Any CPU.Build.0 = Debug|Any CPU
		{7A839FE0-65DB-470C-8540-E5932F297C9D}.Release|Any CPU.ActiveCfg = Release|Any CPU
		{7A839FE0-65DB-470C-8540-E5932F297C9D}.Release|Any CPU.Build.0 = Release|Any CPU
		{AFFFE405-47CD-4D37-9EC5-B81E24D8A93D}.Debug|Any CPU.ActiveCfg = Debug|Any CPU
		{AFFFE405-47CD-4D37-9EC5-B81E24D8A93D}.Debug|Any CPU.Build.0 = Debug|Any CPU
		{AFFFE405-47CD-4D37-9EC5-B81E24D8A93D}.Release|Any CPU.ActiveCfg = Release|Any CPU
		{AFFFE405-47CD-4D37-9EC5-B81E24D8A93D}.Release|Any CPU.Build.0 = Release|Any CPU
	EndGlobalSection
	GlobalSection(SolutionProperties) = preSolution
		HideSolutionNode = FALSE
	EndGlobalSection
	GlobalSection(NestedProjects) = preSolution
		{7A839FE0-65DB-470C-8540-E5932F297C9D} = {E1E571BD-D1C4-4295-918F-6F92DABF3BA4}
		{AFFFE405-47CD-4D37-9EC5-B81E24D8A93D} = {E1E571BD-D1C4-4295-918F-6F92DABF3BA4}
	EndGlobalSection
EndGlobal
